// !$*UTF8*$!
{
	archiveVersion = 1;
	classes = {
	};
	objectVersion = 56;
	objects = {

/* Begin PBXBuildFile section */
		AA2000300000000000000 /* ClientApp.swift in Sources */ = {isa = PBXBuildFile; fileRef = AA1000100000000000000 /* ClientApp.swift */; };
		AA2000400000000000000 /* Assets.xcassets in Resources */ = {isa = PBXBuildFile; fileRef = AA2000200000000000000 /* Assets.xcassets */; };
		AA2000500000000000000 /* AapsShared.framework in Frameworks */ = {isa = PBXBuildFile; fileRef = AA1000200000000000000 /* AapsShared.framework */; };
		AA2009900000000000000 /* NsSocketBridge.swift in Sources */ = {isa = PBXBuildFile; fileRef = AA1009900000000000000 /* NsSocketBridge.swift */; };
		AA3000300000000000000 /* ClientApp.swift in Sources */ = {isa = PBXBuildFile; fileRef = AA1000100000000000000 /* ClientApp.swift */; };
		AA3000400000000000000 /* Assets.xcassets in Resources */ = {isa = PBXBuildFile; fileRef = AA3000200000000000000 /* Assets.xcassets */; };
		AA3000500000000000000 /* AapsShared.framework in Frameworks */ = {isa = PBXBuildFile; fileRef = AA1000200000000000000 /* AapsShared.framework */; };
		AA3009900000000000000 /* NsSocketBridge.swift in Sources */ = {isa = PBXBuildFile; fileRef = AA1009900000000000000 /* NsSocketBridge.swift */; };
		D32B0F773048851500FAFE85 /* SocketIO in Frameworks */ = {isa = PBXBuildFile; productRef = AA00SP02000000000000001 /* SocketIO */; };
		D32B0F783048851500FAFE85 /* SocketIO in Frameworks */ = {isa = PBXBuildFile; productRef = AA00SP02000000000000002 /* SocketIO */; };
/* End PBXBuildFile section */

/* Begin PBXFileReference section */
		AA1000100000000000000 /* ClientApp.swift */ = {isa = PBXFileReference; lastKnownFileType = sourcecode.swift; name = ClientApp.swift; path = Shared/ClientApp.swift; sourceTree = "<group>"; };
		AA1000200000000000000 /* AapsShared.framework */ = {isa = PBXFileReference; lastKnownFileType = wrapper.framework; name = AapsShared.framework; path = ../shell/build/bin/iosSimulatorArm64/debugFramework/AapsShared.framework; sourceTree = "<group>"; };
		AA1000300000000000000 /* Signing.xcconfig */ = {isa = PBXFileReference; lastKnownFileType = text.xcconfig; path = Signing.xcconfig; sourceTree = "<group>"; };
		AA1009900000000000000 /* NsSocketBridge.swift */ = {isa = PBXFileReference; lastKnownFileType = sourcecode.swift; name = NsSocketBridge.swift; path = Shared/NsSocketBridge.swift; sourceTree = "<group>"; };
		AA2000100000000000000 /* AAPSClient.app */ = {isa = PBXFileReference; explicitFileType = wrapper.application; includeInIndex = 0; path = AAPSClient.app; sourceTree = BUILT_PRODUCTS_DIR; };
		AA2000200000000000000 /* Assets.xcassets */ = {isa = PBXFileReference; lastKnownFileType = folder.assetcatalog; name = Assets.xcassets; path = AAPSClient/Assets.xcassets; sourceTree = "<group>"; };
		AA3000100000000000000 /* AAPSClient2.app */ = {isa = PBXFileReference; explicitFileType = wrapper.application; includeInIndex = 0; path = AAPSClient2.app; sourceTree = BUILT_PRODUCTS_DIR; };
		AA3000200000000000000 /* Assets.xcassets */ = {isa = PBXFileReference; lastKnownFileType = folder.assetcatalog; name = Assets.xcassets; path = AAPSClient2/Assets.xcassets; sourceTree = "<group>"; };
/* End PBXFileReference section */

/* Begin PBXFrameworksBuildPhase section */
		AA2000700000000000000 /* Frameworks */ = {
			isa = PBXFrameworksBuildPhase;
			buildActionMask = 2147483647;
			files = (
				D32B0F773048851500FAFE85 /* SocketIO in Frameworks */,
				AA2000500000000000000 /* AapsShared.framework in Frameworks */,
			);
			runOnlyForDeploymentPostprocessing = 0;
		};
		AA3000700000000000000 /* Frameworks */ = {
			isa = PBXFrameworksBuildPhase;
			buildActionMask = 2147483647;
			files = (
				D32B0F783048851500FAFE85 /* SocketIO in Frameworks */,
				AA3000500000000000000 /* AapsShared.framework in Frameworks */,
			);
			runOnlyForDeploymentPostprocessing = 0;
		};
/* End PBXFrameworksBuildPhase section */

/* Begin PBXGroup section */
		AA1001300000000000000 = {
			isa = PBXGroup;
			children = (
				AA1000100000000000000 /* ClientApp.swift */,
				AA1009900000000000000 /* NsSocketBridge.swift */,
				AA2001200000000000000 /* AAPSClient */,
				AA3001200000000000000 /* AAPSClient2 */,
				AA1000300000000000000 /* Signing.xcconfig */,
				AA1000200000000000000 /* AapsShared.framework */,
				AA1001400000000000000 /* Products */,
			);
			sourceTree = "<group>";
		};
		AA1001400000000000000 /* Products */ = {
			isa = PBXGroup;
			children = (
				AA2000100000000000000 /* AAPSClient.app */,
				AA3000100000000000000 /* AAPSClient2.app */,
			);
			name = Products;
			sourceTree = "<group>";
		};
		AA2001200000000000000 /* AAPSClient */ = {
			isa = PBXGroup;
			children = (
				AA2000200000000000000 /* Assets.xcassets */,
			);
			name = AAPSClient;
			sourceTree = "<group>";
		};
		AA3001200000000000000 /* AAPSClient2 */ = {
			isa = PBXGroup;
			children = (
				AA3000200000000000000 /* Assets.xcassets */,
			);
			name = AAPSClient2;
			sourceTree = "<group>";
		};
/* End PBXGroup section */

/* Begin PBXNativeTarget section */
		AA2001300000000000000 /* AAPSClient */ = {
			isa = PBXNativeTarget;
			buildConfigurationList = AA2001100000000000000 /* Build configuration list for PBXNativeTarget "AAPSClient" */;
			buildPhases = (
				AA2000900000000000000 /* Build shared framework */,
				AA2000600000000000000 /* Sources */,
				AA2000700000000000000 /* Frameworks */,
				AA2000800000000000000 /* Resources */,
			);
			buildRules = (
			);
			dependencies = (
			);
			name = AAPSClient;
			packageProductDependencies = (
				AA00SP02000000000000001 /* SocketIO */,
			);
			productName = AAPSClient;
			productReference = AA2000100000000000000 /* AAPSClient.app */;
			productType = "com.apple.product-type.application";
		};
		AA3001300000000000000 /* AAPSClient2 */ = {
			isa = PBXNativeTarget;
			buildConfigurationList = AA3001100000000000000 /* Build configuration list for PBXNativeTarget "AAPSClient2" */;
			buildPhases = (
				AA3000900000000000000 /* Build shared framework */,
				AA3000600000000000000 /* Sources */,
				AA3000700000000000000 /* Frameworks */,
				AA3000800000000000000 /* Resources */,
			);
			buildRules = (
			);
			dependencies = (
			);
			name = AAPSClient2;
			packageProductDependencies = (
				AA00SP02000000000000002 /* SocketIO */,
			);
			productName = AAPSClient2;
			productReference = AA3000100000000000000 /* AAPSClient2.app */;
			productType = "com.apple.product-type.application";
		};
/* End PBXNativeTarget section */

/* Begin PBXProject section */
		AA1001000000000000000 /* Project object */ = {
			isa = PBXProject;
			attributes = {
				BuildIndependentTargetsInParallel = 1;
				LastSwiftUpdateCheck = 2600;
				LastUpgradeCheck = 2600;
			};
			buildConfigurationList = AA1001200000000000000 /* Build configuration list for PBXProject "AAPSClient" */;
			compatibilityVersion = "Xcode 14.0";
			developmentRegion = en;
			hasScannedForEncodings = 0;
			knownRegions = (
				en,
				Base,
			);
			mainGroup = AA1001300000000000000;
			packageReferences = (
				AA00SP01000000000000001 /* XCRemoteSwiftPackageReference "socket" */,
			);
			productRefGroup = AA1001400000000000000 /* Products */;
			projectDirPath = "";
			projectRoot = "";
			targets = (
				AA2001300000000000000 /* AAPSClient */,
				AA3001300000000000000 /* AAPSClient2 */,
			);
		};
/* End PBXProject section */

/* Begin PBXResourcesBuildPhase section */
		AA2000800000000000000 /* Resources */ = {
			isa = PBXResourcesBuildPhase;
			buildActionMask = 2147483647;
			files = (
				AA2000400000000000000 /* Assets.xcassets in Resources */,
			);
			runOnlyForDeploymentPostprocessing = 0;
		};
		AA3000800000000000000 /* Resources */ = {
			isa = PBXResourcesBuildPhase;
			buildActionMask = 2147483647;
			files = (
				AA3000400000000000000 /* Assets.xcassets in Resources */,
			);
			runOnlyForDeploymentPostprocessing = 0;
		};
/* End PBXResourcesBuildPhase section */

/* Begin PBXShellScriptBuildPhase section */
		AA2000900000000000000 /* Build shared framework */ = {
			isa = PBXShellScriptBuildPhase;
			buildActionMask = 2147483647;
			files = (
			);
			inputPaths = (
			);
			name = "Build shared framework";
			outputPaths = (
			);
			runOnlyForDeploymentPostprocessing = 0;
			shellPath = /bin/sh;
			shellScript = "# Keep the framework in step with the Kotlin sources.\n# The simulator and a real phone are different architectures, so the Gradle target follows\n# whatever Xcode is building rather than being fixed to one of them.\ncase \"$PLATFORM_NAME\" in\n  iphonesimulator) KOTLIN_TARGET=IosSimulatorArm64 ;;\n  iphoneos)        KOTLIN_TARGET=IosArm64 ;;\n  *) echo \"error: unsupported platform $PLATFORM_NAME\" >&2; exit 1 ;;\nesac\n# Xcode does not inherit a login shell, so JAVA_HOME is set here rather than assumed.\nexport JAVA_HOME=\"$(/usr/libexec/java_home -v 21)\"\n# Debug or Release Kotlin, following what Xcode is building. Pinned to Debug before, which meant an\n# archive for TestFlight shipped unoptimised Kotlin - the whole app logic - while everything\n# around it was built as a release.\ncase \"$CONFIGURATION\" in\n  Release) KOTLIN_BUILD=Release ;;\n  *)       KOTLIN_BUILD=Debug ;;\nesac\n\"$SRCROOT/../../gradlew\" -p \"$SRCROOT/../..\" \":ios:shell:link${KOTLIN_BUILD}Framework$KOTLIN_TARGET\" --no-daemon\n\n# The alarm sounds live once, in :core:ui's Android resources. Copying them at build time rather\n# than keeping a second set under ios/ means the two cannot drift - a replaced alarm tone stays one\n# edit, not two.\nSOUNDS=\"$SRCROOT/../../core/ui/src/androidMain/res/raw\"\nDEST=\"$BUILT_PRODUCTS_DIR/$UNLOCALIZED_RESOURCES_FOLDER_PATH\"\nmkdir -p \"$DEST\"\nfor s in alarm urgentalarm error boluserror; do\n  if [ ! -f \"$SOUNDS/$s.mp3\" ]; then\n    echo \"error: alarm sound $s.mp3 missing from $SOUNDS\" >&2; exit 1\n  fi\n  cp \"$SOUNDS/$s.mp3\" \"$DEST/\"\ndone\n";
		};
		AA3000900000000000000 /* Build shared framework */ = {
			isa = PBXShellScriptBuildPhase;
			buildActionMask = 2147483647;
			files = (
			);
			inputPaths = (
			);
			name = "Build shared framework";
			outputPaths = (
			);
			runOnlyForDeploymentPostprocessing = 0;
			shellPath = /bin/sh;
			shellScript = "# Keep the framework in step with the Kotlin sources.\n# The simulator and a real phone are different architectures, so the Gradle target follows\n# whatever Xcode is building rather than being fixed to one of them.\ncase \"$PLATFORM_NAME\" in\n  iphonesimulator) KOTLIN_TARGET=IosSimulatorArm64 ;;\n  iphoneos)        KOTLIN_TARGET=IosArm64 ;;\n  *) echo \"error: unsupported platform $PLATFORM_NAME\" >&2; exit 1 ;;\nesac\n# Xcode does not inherit a login shell, so JAVA_HOME is set here rather than assumed.\nexport JAVA_HOME=\"$(/usr/libexec/java_home -v 21)\"\n# Debug or Release Kotlin, following what Xcode is building. Pinned to Debug before, which meant an\n# archive for TestFlight shipped unoptimised Kotlin - the whole app logic - while everything\n# around it was built as a release.\ncase \"$CONFIGURATION\" in\n  Release) KOTLIN_BUILD=Release ;;\n  *)       KOTLIN_BUILD=Debug ;;\nesac\n\"$SRCROOT/../../gradlew\" -p \"$SRCROOT/../..\" \":ios:shell:link${KOTLIN_BUILD}Framework$KOTLIN_TARGET\" --no-daemon\n\n# The alarm sounds live once, in :core:ui's Android resources. Copying them at build time rather\n# than keeping a second set under ios/ means the two cannot drift - a replaced alarm tone stays one\n# edit, not two.\nSOUNDS=\"$SRCROOT/../../core/ui/src/androidMain/res/raw\"\nDEST=\"$BUILT_PRODUCTS_DIR/$UNLOCALIZED_RESOURCES_FOLDER_PATH\"\nmkdir -p \"$DEST\"\nfor s in alarm urgentalarm error boluserror; do\n  if [ ! -f \"$SOUNDS/$s.mp3\" ]; then\n    echo \"error: alarm sound $s.mp3 missing from $SOUNDS\" >&2; exit 1\n  fi\n  cp \"$SOUNDS/$s.mp3\" \"$DEST/\"\ndone\n";
		};
/* End PBXShellScriptBuildPhase section */

/* Begin PBXSourcesBuildPhase section */
		AA2000600000000000000 /* Sources */ = {
			isa = PBXSourcesBuildPhase;
			buildActionMask = 2147483647;
			files = (
				AA2000300000000000000 /* ClientApp.swift in Sources */,
				AA2009900000000000000 /* NsSocketBridge.swift in Sources */,
			);
			runOnlyForDeploymentPostprocessing = 0;
		};
		AA3000600000000000000 /* Sources */ = {
			isa = PBXSourcesBuildPhase;
			buildActionMask = 2147483647;
			files = (
				AA3000300000000000000 /* ClientApp.swift in Sources */,
				AA3009900000000000000 /* NsSocketBridge.swift in Sources */,
			);
			runOnlyForDeploymentPostprocessing = 0;
		};
/* End PBXSourcesBuildPhase section */

/* Begin XCBuildConfiguration section */
		AA1001100000000000000 /* Debug */ = {
			isa = XCBuildConfiguration;
			buildSettings = {
				ALWAYS_SEARCH_USER_PATHS = NO;
				CLANG_ENABLE_MODULES = YES;
				CLANG_ENABLE_OBJC_ARC = YES;
				COPY_PHASE_STRIP = NO;
				DEBUG_INFORMATION_FORMAT = dwarf;
				ENABLE_STRICT_OBJC_MSGSEND = YES;
				ENABLE_TESTABILITY = YES;
				GCC_OPTIMIZATION_LEVEL = 0;
				IPHONEOS_DEPLOYMENT_TARGET = 17.0;
				ONLY_ACTIVE_ARCH = YES;
				SDKROOT = iphoneos;
				SWIFT_ACTIVE_COMPILATION_CONDITIONS = DEBUG;
				SWIFT_OPTIMIZATION_LEVEL = "-Onone";
				SWIFT_VERSION = 5.0;
			};
			name = Debug;
		};
		AA2001000000000000000 /* Debug */ = {
			isa = XCBuildConfiguration;
			baseConfigurationReference = AA1000300000000000000 /* Signing.xcconfig */;
			buildSettings = {
				ASSETCATALOG_COMPILER_APPICON_NAME = AppIcon;
				"CODE_SIGNING_ALLOWED[sdk=iphonesimulator*]" = NO;
				"CODE_SIGNING_REQUIRED[sdk=iphonesimulator*]" = NO;
				"CODE_SIGN_IDENTITY[sdk=iphoneos*]" = "Apple Development";
				CODE_SIGN_STYLE = Automatic;
				CURRENT_PROJECT_VERSION = "$(AAPS_BUILD_NUMBER:default=1)";
				ENABLE_PREVIEWS = YES;
				// Which Kotlin/Native output to look in. `linkDebugFramework` and
				// `linkReleaseFramework` write to different folders, so a path that named one of
				// them worked in that configuration only - a Release archive found no Kotlin at all.
				KOTLIN_FRAMEWORK_KIND = debug;
				"FRAMEWORK_SEARCH_PATHS[sdk=iphoneos*]" = (
					"$(inherited)",
					"$(SRCROOT)/../shell/build/bin/iosArm64/$(KOTLIN_FRAMEWORK_KIND)Framework",
				);
				"FRAMEWORK_SEARCH_PATHS[sdk=iphonesimulator*]" = (
					"$(inherited)",
					"$(SRCROOT)/../shell/build/bin/iosSimulatorArm64/$(KOTLIN_FRAMEWORK_KIND)Framework",
				);
				GENERATE_INFOPLIST_FILE = YES;
				INFOPLIST_FILE = Shared/Info.plist;
				INFOPLIST_KEY_CFBundleDisplayName = AAPSClient;
				INFOPLIST_KEY_LSApplicationCategoryType = "public.app-category.medical";
				INFOPLIST_KEY_UIApplicationSceneManifest_Generation = YES;
				INFOPLIST_KEY_UILaunchScreen_Generation = YES;
				// iPhone stays portrait. iPad must declare all four or the App Store rejects the
				// upload as an invalid bundle: an app in the iPad device family takes part in
				// multitasking, and a multitasking app has to survive being any shape.
				INFOPLIST_KEY_UISupportedInterfaceOrientations_iPhone = UIInterfaceOrientationPortrait;
				INFOPLIST_KEY_UISupportedInterfaceOrientations_iPad = "UIInterfaceOrientationPortrait UIInterfaceOrientationPortraitUpsideDown UIInterfaceOrientationLandscapeLeft UIInterfaceOrientationLandscapeRight";
				MARKETING_VERSION = "$(AAPS_MARKETING_VERSION:default=1.0)";
				PRODUCT_BUNDLE_IDENTIFIER = app.aaps.client;
				PRODUCT_NAME = "$(TARGET_NAME)";
				SWIFT_EMIT_LOC_STRINGS = YES;
				TARGETED_DEVICE_FAMILY = "1,2";
			};
			name = Debug;
		};
		AA3001000000000000000 /* Debug */ = {
			isa = XCBuildConfiguration;
			baseConfigurationReference = AA1000300000000000000 /* Signing.xcconfig */;
			buildSettings = {
				ASSETCATALOG_COMPILER_APPICON_NAME = AppIcon;
				"CODE_SIGNING_ALLOWED[sdk=iphonesimulator*]" = NO;
				"CODE_SIGNING_REQUIRED[sdk=iphonesimulator*]" = NO;
				"CODE_SIGN_IDENTITY[sdk=iphoneos*]" = "Apple Development";
				CODE_SIGN_STYLE = Automatic;
				CURRENT_PROJECT_VERSION = "$(AAPS_BUILD_NUMBER:default=1)";
				ENABLE_PREVIEWS = YES;
				// Which Kotlin/Native output to look in. `linkDebugFramework` and
				// `linkReleaseFramework` write to different folders, so a path that named one of
				// them worked in that configuration only - a Release archive found no Kotlin at all.
				KOTLIN_FRAMEWORK_KIND = debug;
				"FRAMEWORK_SEARCH_PATHS[sdk=iphoneos*]" = (
					"$(inherited)",
					"$(SRCROOT)/../shell/build/bin/iosArm64/$(KOTLIN_FRAMEWORK_KIND)Framework",
				);
				"FRAMEWORK_SEARCH_PATHS[sdk=iphonesimulator*]" = (
					"$(inherited)",
					"$(SRCROOT)/../shell/build/bin/iosSimulatorArm64/$(KOTLIN_FRAMEWORK_KIND)Framework",
				);
				GENERATE_INFOPLIST_FILE = YES;
				INFOPLIST_FILE = Shared/Info.plist;
				INFOPLIST_KEY_CFBundleDisplayName = AAPSClient2;
				INFOPLIST_KEY_LSApplicationCategoryType = "public.app-category.medical";
				INFOPLIST_KEY_UIApplicationSceneManifest_Generation = YES;
				INFOPLIST_KEY_UILaunchScreen_Generation = YES;
				// iPhone stays portrait. iPad must declare all four or the App Store rejects the
				// upload as an invalid bundle: an app in the iPad device family takes part in
				// multitasking, and a multitasking app has to survive being any shape.
				INFOPLIST_KEY_UISupportedInterfaceOrientations_iPhone = UIInterfaceOrientationPortrait;
				INFOPLIST_KEY_UISupportedInterfaceOrientations_iPad = "UIInterfaceOrientationPortrait UIInterfaceOrientationPortraitUpsideDown UIInterfaceOrientationLandscapeLeft UIInterfaceOrientationLandscapeRight";
				MARKETING_VERSION = "$(AAPS_MARKETING_VERSION:default=1.0)";
				PRODUCT_BUNDLE_IDENTIFIER = app.aaps.client2;
				PRODUCT_NAME = "$(TARGET_NAME)";
				SWIFT_EMIT_LOC_STRINGS = YES;
				TARGETED_DEVICE_FAMILY = "1,2";
			};
			name = Debug;
		};
		D32B0F79304886E000FAFE85 /* Release */ = {
			isa = XCBuildConfiguration;
			buildSettings = {
				ALWAYS_SEARCH_USER_PATHS = NO;
				CLANG_ENABLE_MODULES = YES;
				CLANG_ENABLE_OBJC_ARC = YES;
				COPY_PHASE_STRIP = NO;
				VALIDATE_PRODUCT = YES;
				DEBUG_INFORMATION_FORMAT = "dwarf-with-dsym";
				ENABLE_STRICT_OBJC_MSGSEND = YES;
				ENABLE_TESTABILITY = NO;
				GCC_OPTIMIZATION_LEVEL = s;
				IPHONEOS_DEPLOYMENT_TARGET = 17.0;
				ONLY_ACTIVE_ARCH = NO;
				SDKROOT = iphoneos;
				SWIFT_ACTIVE_COMPILATION_CONDITIONS = "";
				SWIFT_OPTIMIZATION_LEVEL = "-O";
				SWIFT_VERSION = 5.0;
			};
			name = Release;
		};
		D32B0F7A304886E000FAFE85 /* Release */ = {
			isa = XCBuildConfiguration;
			baseConfigurationReference = AA1000300000000000000 /* Signing.xcconfig */;
			buildSettings = {
				ASSETCATALOG_COMPILER_APPICON_NAME = AppIcon;
				"CODE_SIGNING_ALLOWED[sdk=iphonesimulator*]" = NO;
				"CODE_SIGNING_REQUIRED[sdk=iphonesimulator*]" = NO;
				"CODE_SIGN_IDENTITY[sdk=iphoneos*]" = "Apple Development";
				CODE_SIGN_STYLE = Automatic;
				CURRENT_PROJECT_VERSION = "$(AAPS_BUILD_NUMBER:default=1)";
				ENABLE_PREVIEWS = YES;
				// Which Kotlin/Native output to look in. `linkDebugFramework` and
				// `linkReleaseFramework` write to different folders, so a path that named one of
				// them worked in that configuration only - a Release archive found no Kotlin at all.
				KOTLIN_FRAMEWORK_KIND = release;
				"FRAMEWORK_SEARCH_PATHS[sdk=iphoneos*]" = (
					"$(inherited)",
					"$(SRCROOT)/../shell/build/bin/iosArm64/$(KOTLIN_FRAMEWORK_KIND)Framework",
				);
				"FRAMEWORK_SEARCH_PATHS[sdk=iphonesimulator*]" = (
					"$(inherited)",
					"$(SRCROOT)/../shell/build/bin/iosSimulatorArm64/$(KOTLIN_FRAMEWORK_KIND)Framework",
				);
				GENERATE_INFOPLIST_FILE = YES;
				INFOPLIST_FILE = Shared/Info.plist;
				INFOPLIST_KEY_CFBundleDisplayName = AAPSClient;
				INFOPLIST_KEY_LSApplicationCategoryType = "public.app-category.medical";
				INFOPLIST_KEY_UIApplicationSceneManifest_Generation = YES;
				INFOPLIST_KEY_UILaunchScreen_Generation = YES;
				// iPhone stays portrait. iPad must declare all four or the App Store rejects the
				// upload as an invalid bundle: an app in the iPad device family takes part in
				// multitasking, and a multitasking app has to survive being any shape.
				INFOPLIST_KEY_UISupportedInterfaceOrientations_iPhone = UIInterfaceOrientationPortrait;
				INFOPLIST_KEY_UISupportedInterfaceOrientations_iPad = "UIInterfaceOrientationPortrait UIInterfaceOrientationPortraitUpsideDown UIInterfaceOrientationLandscapeLeft UIInterfaceOrientationLandscapeRight";
				MARKETING_VERSION = "$(AAPS_MARKETING_VERSION:default=1.0)";
				PRODUCT_BUNDLE_IDENTIFIER = app.aaps.client;
				PRODUCT_NAME = "$(TARGET_NAME)";
				SWIFT_EMIT_LOC_STRINGS = YES;
				TARGETED_DEVICE_FAMILY = "1,2";
			};
			name = Release;
		};
		D32B0F7B304886E000FAFE85 /* Release */ = {
			isa = XCBuildConfiguration;
			baseConfigurationReference = AA1000300000000000000 /* Signing.xcconfig */;
			buildSettings = {
				ASSETCATALOG_COMPILER_APPICON_NAME = AppIcon;
				"CODE_SIGNING_ALLOWED[sdk=iphonesimulator*]" = NO;
				"CODE_SIGNING_REQUIRED[sdk=iphonesimulator*]" = NO;
				"CODE_SIGN_IDENTITY[sdk=iphoneos*]" = "Apple Development";
				CODE_SIGN_STYLE = Automatic;
				CURRENT_PROJECT_VERSION = "$(AAPS_BUILD_NUMBER:default=1)";
				ENABLE_PREVIEWS = YES;
				// Which Kotlin/Native output to look in. `linkDebugFramework` and
				// `linkReleaseFramework` write to different folders, so a path that named one of
				// them worked in that configuration only - a Release archive found no Kotlin at all.
				KOTLIN_FRAMEWORK_KIND = release;
				"FRAMEWORK_SEARCH_PATHS[sdk=iphoneos*]" = (
					"$(inherited)",
					"$(SRCROOT)/../shell/build/bin/iosArm64/$(KOTLIN_FRAMEWORK_KIND)Framework",
				);
				"FRAMEWORK_SEARCH_PATHS[sdk=iphonesimulator*]" = (
					"$(inherited)",
					"$(SRCROOT)/../shell/build/bin/iosSimulatorArm64/$(KOTLIN_FRAMEWORK_KIND)Framework",
				);
				GENERATE_INFOPLIST_FILE = YES;
				INFOPLIST_FILE = Shared/Info.plist;
				INFOPLIST_KEY_CFBundleDisplayName = AAPSClient2;
				INFOPLIST_KEY_LSApplicationCategoryType = "public.app-category.medical";
				INFOPLIST_KEY_UIApplicationSceneManifest_Generation = YES;
				INFOPLIST_KEY_UILaunchScreen_Generation = YES;
				// iPhone stays portrait. iPad must declare all four or the App Store rejects the
				// upload as an invalid bundle: an app in the iPad device family takes part in
				// multitasking, and a multitasking app has to survive being any shape.
				INFOPLIST_KEY_UISupportedInterfaceOrientations_iPhone = UIInterfaceOrientationPortrait;
				INFOPLIST_KEY_UISupportedInterfaceOrientations_iPad = "UIInterfaceOrientationPortrait UIInterfaceOrientationPortraitUpsideDown UIInterfaceOrientationLandscapeLeft UIInterfaceOrientationLandscapeRight";
				MARKETING_VERSION = "$(AAPS_MARKETING_VERSION:default=1.0)";
				PRODUCT_BUNDLE_IDENTIFIER = app.aaps.client2;
				PRODUCT_NAME = "$(TARGET_NAME)";
				SWIFT_EMIT_LOC_STRINGS = YES;
				TARGETED_DEVICE_FAMILY = "1,2";
			};
			name = Release;
		};
/* End XCBuildConfiguration section */

/* Begin XCConfigurationList section */
		AA1001200000000000000 /* Build configuration list for PBXProject "AAPSClient" */ = {
			isa = XCConfigurationList;
			buildConfigurations = (
				AA1001100000000000000 /* Debug */,
				D32B0F79304886E000FAFE85 /* Release */,
			);
			defaultConfigurationIsVisible = 0;
			defaultConfigurationName = Debug;
		};
		AA2001100000000000000 /* Build configuration list for PBXNativeTarget "AAPSClient" */ = {
			isa = XCConfigurationList;
			buildConfigurations = (
				AA2001000000000000000 /* Debug */,
				D32B0F7A304886E000FAFE85 /* Release */,
			);
			defaultConfigurationIsVisible = 0;
			defaultConfigurationName = Debug;
		};
		AA3001100000000000000 /* Build configuration list for PBXNativeTarget "AAPSClient2" */ = {
			isa = XCConfigurationList;
			buildConfigurations = (
				AA3001000000000000000 /* Debug */,
				D32B0F7B304886E000FAFE85 /* Release */,
			);
			defaultConfigurationIsVisible = 0;
			defaultConfigurationName = Debug;
		};
/* End XCConfigurationList section */

/* Begin XCRemoteSwiftPackageReference section */
		AA00SP01000000000000001 /* XCRemoteSwiftPackageReference "socket" */ = {
			isa = XCRemoteSwiftPackageReference;
			repositoryURL = "https://github.com/socketio/socket.io-client-swift";
			requirement = {
				kind = upToNextMajorVersion;
				minimumVersion = 16.1.1;
			};
		};
/* End XCRemoteSwiftPackageReference section */

/* Begin XCSwiftPackageProductDependency section */
		AA00SP02000000000000001 /* SocketIO */ = {
			isa = XCSwiftPackageProductDependency;
			package = AA00SP01000000000000001 /* XCRemoteSwiftPackageReference "socket" */;
			productName = SocketIO;
		};
		AA00SP02000000000000002 /* SocketIO */ = {
			isa = XCSwiftPackageProductDependency;
			package = AA00SP01000000000000001 /* XCRemoteSwiftPackageReference "socket" */;
			productName = SocketIO;
		};
/* End XCSwiftPackageProductDependency section */
	};
	rootObject = AA1001000000000000000 /* Project object */;
}
